// !$*UTF8*$!
{
	archiveVersion = 1;
	classes = {
	};
	objectVersion = 50;
	objects = {

/* Begin PBXBuildFile section */
		4E964EB022674EFF002C0566 /* AppDelegate.swift in Sources */ = {isa = PBXBuildFile; fileRef = 4E964EAF22674EFF002C0566 /* AppDelegate.swift */; };
		4E964EB222674EFF002C0566 /* ViewController.swift in Sources */ = {isa = PBXBuildFile; fileRef = 4E964EB122674EFF002C0566 /* ViewController.swift */; };
		4E964EB522674EFF002C0566 /* Main.storyboard in Resources */ = {isa = PBXBuildFile; fileRef = 4E964EB322674EFF002C0566 /* Main.storyboard */; };
		4E964EB722674F00002C0566 /* Assets.xcassets in Resources */ = {isa = PBXBuildFile; fileRef = 4E964EB622674F00002C0566 /* Assets.xcassets */; };
		4E964EBA22674F00002C0566 /* LaunchScreen.storyboard in Resources */ = {isa = PBXBuildFile; fileRef = 4E964EB822674F00002C0566 /* LaunchScreen.storyboard */; };
		4E969E2722688DB4008AA7D2 /* Line.swift in Sources */ = {isa = PBXBuildFile; fileRef = 4E969E2622688DB4008AA7D2 /* Line.swift */; };
		4E96AC302268772C005E086F /* Canvas.swift in Sources */ = {isa = PBXBuildFile; fileRef = 4E96AC2F2268772C005E086F /* Canvas.swift */; };
		4E96AC3222687C9A005E086F /* ExtensionUivew.swift in Sources */ = {isa = PBXBuildFile; fileRef = 4E96AC3122687C9A005E086F /* ExtensionUivew.swift */; };
/* End PBXBuildFile section */

/* Begin PBXFileReference section */
		4E964EAC22674EFF002C0566 /* Draw In Canvas.app */ = {isa = PBXFileReference; explicitFileType = wrapper.application; includeInIndex = 0; path = "Draw In Canvas.app"; sourceTree = BUILT_PRODUCTS_DIR; };
		4E964EAF22674EFF002C0566 /* AppDelegate.swift */ = {isa = PBXFileReference; lastKnownFileType = sourcecode.swift; path = AppDelegate.swift; sourceTree = "<group>"; };
		4E964EB122674EFF002C0566 /* ViewController.swift */ = {isa = PBXFileReference; lastKnownFileType = sourcecode.swift; path = ViewController.swift; sourceTree = "<group>"; };
		4E964EB422674EFF002C0566 /* Base */ = {isa = PBXFileReference; lastKnownFileType = file.storyboard; name = Base; path = Base.lproj/Main.storyboard; sourceTree = "<group>"; };
		4E964EB622674F00002C0566 /* Assets.xcassets */ = {isa = PBXFileReference; lastKnownFileType = folder.assetcatalog; path = Assets.xcassets; sourceTree = "<group>"; };
		4E964EB922674F00002C0566 /* Base */ = {isa = PBXFileReference; lastKnownFileType = file.storyboard; name = Base; path = Base.lproj/LaunchScreen.storyboard; sourceTree = "<group>"; };
		4E964EBB22674F00002C0566 /* Info.plist */ = {isa = PBXFileReference; lastKnownFileType = text.plist.xml; path = Info.plist; sourceTree = "<group>"; };
		4E969E2622688DB4008AA7D2 /* Line.swift */ = {isa = PBXFileReference; lastKnownFileType = sourcecode.swift; path = Line.swift; sourceTree = "<group>"; };
		4E96AC2F2268772C005E086F /* Canvas.swift */ = {isa = PBXFileReference; lastKnownFileType = sourcecode.swift; path = Canvas.swift; sourceTree = "<group>"; };
		4E96AC3122687C9A005E086F /* ExtensionUivew.swift */ = {isa = PBXFileReference; fileEncoding = 4; lastKnownFileType = sourcecode.swift; path = ExtensionUivew.swift; sourceTree = "<group>"; };
/* End PBXFileReference section */

/* Begin PBXFrameworksBuildPhase section */
		4E964EA922674EFF002C0566 /* Frameworks */ = {
			isa = PBXFrameworksBuildPhase;
			buildActionMask = 2147483647;
			files = (
			);
			runOnlyForDeploymentPostprocessing = 0;
		};
/* End PBXFrameworksBuildPhase section */

/* Begin PBXGroup section */
		4E964EA322674EFF002C0566 = {
			isa = PBXGroup;
			children = (
				4E964EAE22674EFF002C0566 /* Draw In Canvas */,
				4E964EAD22674EFF002C0566 /* Products */,
			);
			sourceTree = "<group>";
		};
		4E964EAD22674EFF002C0566 /* Products */ = {
			isa = PBXGroup;
			children = (
				4E964EAC22674EFF002C0566 /* Draw In Canvas.app */,
			);
			name = Products;
			sourceTree = "<group>";
		};
		4E964EAE22674EFF002C0566 /* Draw In Canvas */ = {
			isa = PBXGroup;
			children = (
				4E964EAF22674EFF002C0566 /* AppDelegate.swift */,
				4E96AC2D226875E1005E086F /* model */,
				4E96AC2E22687719005E086F /* view */,
				4E96AC2C226875D4005E086F /* controller */,
				4E964EB322674EFF002C0566 /* Main.storyboard */,
				4E964EB622674F00002C0566 /* Assets.xcassets */,
				4E964EB822674F00002C0566 /* LaunchScreen.storyboard */,
				4E964EBB22674F00002C0566 /* Info.plist */,
				4E96AC3122687C9A005E086F /* ExtensionUivew.swift */,
			);
			path = "Draw In Canvas";
			sourceTree = "<group>";
		};
		4E96AC2C226875D4005E086F /* controller */ = {
			isa = PBXGroup;
			children = (
				4E964EB122674EFF002C0566 /* ViewController.swift */,
			);
			path = controller;
			sourceTree = "<group>";
		};
		4E96AC2D226875E1005E086F /* model */ = {
			isa = PBXGroup;
			children = (
				4E969E2622688DB4008AA7D2 /* Line.swift */,
			);
			path = model;
			sourceTree = "<group>";
		};
		4E96AC2E22687719005E086F /* view */ = {
			isa = PBXGroup;
			children = (
				4E96AC2F2268772C005E086F /* Canvas.swift */,
			);
			path = view;
			sourceTree = "<group>";
		};
/* End PBXGroup section */

/* Begin PBXNativeTarget section */
		4E964EAB22674EFF002C0566 /* Draw In Canvas */ = {
			isa = PBXNativeTarget;
			buildConfigurationList = 4E964EBE22674F00002C0566 /* Build configuration list for PBXNativeTarget "Draw In Canvas" */;
			buildPhases = (
				4E964EA822674EFF002C0566 /* Sources */,
				4E964EA922674EFF002C0566 /* Frameworks */,
				4E964EAA22674EFF002C0566 /* Resources */,
			);
			buildRules = (
			);
			dependencies = (
			);
			name = "Draw In Canvas";
			productName = "Draw In Canvas";
			productReference = 4E964EAC22674EFF002C0566 /* Draw In Canvas.app */;
			productType = "com.apple.product-type.application";
		};
/* End PBXNativeTarget section */

/* Begin PBXProject section */
		4E964EA422674EFF002C0566 /* Project object */ = {
			isa = PBXProject;
			attributes = {
				LastSwiftUpdateCheck = 1000;
				LastUpgradeCheck = 1000;
				ORGANIZATIONNAME = hosam;
				TargetAttributes = {
					4E964EAB22674EFF002C0566 = {
						CreatedOnToolsVersion = 10.0;
					};
				};
			};
			buildConfigurationList = 4E964EA722674EFF002C0566 /* Build configuration list for PBXProject "Draw In Canvas" */;
			compatibilityVersion = "Xcode 9.3";
			developmentRegion = en;
			hasScannedForEncodings = 0;
			knownRegions = (
				en,
				Base,
			);
			mainGroup = 4E964EA322674EFF002C0566;
			productRefGroup = 4E964EAD22674EFF002C0566 /* Products */;
			projectDirPath = "";
			projectRoot = "";
			targets = (
				4E964EAB22674EFF002C0566 /* Draw In Canvas */,
			);
		};
/* End PBXProject section */

/* Begin PBXResourcesBuildPhase section */
		4E964EAA22674EFF002C0566 /* Resources */ = {
			isa = PBXResourcesBuildPhase;
			buildActionMask = 2147483647;
			files = (
				4E964EBA22674F00002C0566 /* LaunchScreen.storyboard in Resources */,
				4E964EB722674F00002C0566 /* Assets.xcassets in Resources */,
				4E964EB522674EFF002C0566 /* Main.storyboard in Resources */,
			);
			runOnlyForDeploymentPostprocessing = 0;
		};
/* End PBXResourcesBuildPhase section */

/* Begin PBXSourcesBuildPhase section */
		4E964EA822674EFF002C0566 /* Sources */ = {
			isa = PBXSourcesBuildPhase;
			buildActionMask = 2147483647;
			files = (
				4E96AC3222687C9A005E086F /* ExtensionUivew.swift in Sources */,
				4E964EB222674EFF002C0566 /* ViewController.swift in Sources */,
				4E964EB022674EFF002C0566 /* AppDelegate.swift in Sources */,
				4E96AC302268772C005E086F /* Canvas.swift in Sources */,
				4E969E2722688DB4008AA7D2 /* Line.swift in Sources */,
			);
			runOnlyForDeploymentPostprocessing = 0;
		};
/* End PBXSourcesBuildPhase section */

/* Begin PBXVariantGroup section */
		4E964EB322674EFF002C0566 /* Main.storyboard */ = {
			isa = PBXVariantGroup;
			children = (
				4E964EB422674EFF002C0566 /* Base */,
			);
			name = Main.storyboard;
			sourceTree = "<group>";
		};
		4E964EB822674F00002C0566 /* LaunchScreen.storyboard */ = {
			isa = PBXVariantGroup;
			children = (
				4E964EB922674F00002C0566 /* Base */,
			);
			name = LaunchScreen.storyboard;
			sourceTree = "<group>";
		};
/* End PBXVariantGroup section */

/* Begin XCBuildConfiguration section */
		4E964EBC22674F00002C0566 /* Debug */ = {
			isa = XCBuildConfiguration;
			buildSettings = {
				ALWAYS_SEARCH_USER_PATHS = NO;
				CLANG_ANALYZER_NONNULL = YES;
				CLANG_ANALYZER_NUMBER_OBJECT_CONVERSION = YES_AGGRESSIVE;
				CLANG_CXX_LANGUAGE_STANDARD = "gnu++14";
				CLANG_CXX_LIBRARY = "libc++";
				CLANG_ENABLE_MODULES = YES;
				CLANG_ENABLE_OBJC_ARC = YES;
				CLANG_ENABLE_OBJC_WEAK = YES;
				CLANG_WARN_BLOCK_CAPTURE_AUTORELEASING = YES;
				CLANG_WARN_BOOL_CONVERSION = YES;
				CLANG_WARN_COMMA = YES;
				CLANG_WARN_CONSTANT_CONVERSION = YES;
				CLANG_WARN_DEPRECATED_OBJC_IMPLEMENTATIONS = YES;
				CLANG_WARN_DIRECT_OBJC_ISA_USAGE = YES_ERROR;
				CLANG_WARN_DOCUMENTATION_COMMENTS = YES;
				CLANG_WARN_EMPTY_BODY = YES;
				CLANG_WARN_ENUM_CONVERSION = YES;
				CLANG_WARN_INFINITE_RECURSION = YES;
				CLANG_WARN_INT_CONVERSION = YES;
				CLANG_WARN_NON_LITERAL_NULL_CONVERSION = YES;
				CLANG_WARN_OBJC_IMPLICIT_RETAIN_SELF = YES;
				CLANG_WARN_OBJC_LITERAL_CONVERSION = YES;
				CLANG_WARN_OBJC_ROOT_CLASS = YES_ERROR;
				CLANG_WARN_RANGE_LOOP_ANALYSIS = YES;
				CLANG_WARN_STRICT_PROTOTYPES = YES;
				CLANG_WARN_SUSPICIOUS_MOVE = YES;
				CLANG_WARN_UNGUARDED_AVAILABILITY = YES_AGGRESSIVE;
				CLANG_WARN_UNREACHABLE_CODE = YES;
				CLANG_WARN__DUPLICATE_METHOD_MATCH = YES;
				CODE_SIGN_IDENTITY = "iPhone Developer";
				COPY_PHASE_STRIP = NO;
				DEBUG_INFORMATION_FORMAT = dwarf;
				ENABLE_STRICT_OBJC_MSGSEND = YES;
				ENABLE_TESTABILITY = YES;
				GCC_C_LANGUAGE_STANDARD = gnu11;
				GCC_DYNAMIC_NO_PIC = NO;
				GCC_NO_COMMON_BLOCKS = YES;
				GCC_OPTIMIZATION_LEVEL = 0;
				GCC_PREPROCESSOR_DEFINITIONS = (
					"DEBUG=1",
					"$(inherited)",
				);
				GCC_WARN_64_TO_32_BIT_CONVERSION = YES;
				GCC_WARN_ABOUT_RETURN_TYPE = YES_ERROR;
				GCC_WARN_UNDECLARED_SELECTOR = YES;
				GCC_WARN_UNINITIALIZED_AUTOS = YES_AGGRESSIVE;
				GCC_WARN_UNUSED_FUNCTION = YES;
				GCC_WARN_UNUSED_VARIABLE = YES;
				IPHONEOS_DEPLOYMENT_TARGET = 12.0;
				MTL_ENABLE_DEBUG_INFO = INCLUDE_SOURCE;
				MTL_FAST_MATH = YES;
				ONLY_ACTIVE_ARCH = YES;
				SDKROOT = iphoneos;
				SWIFT_ACTIVE_COMPILATION_CONDITIONS = DEBUG;
				SWIFT_OPTIMIZATION_LEVEL = "-Onone";
			};
			name = Debug;
		};
		4E964EBD22674F00002C0566 /* Release */ = {
			isa = XCBuildConfiguration;
			buildSettings = {
				ALWAYS_SEARCH_USER_PATHS = NO;
				CLANG_ANALYZER_NONNULL = YES;
				CLANG_ANALYZER_NUMBER_OBJECT_CONVERSION = YES_AGGRESSIVE;
				CLANG_CXX_LANGUAGE_STANDARD = "gnu++14";
				CLANG_CXX_LIBRARY = "libc++";
				CLANG_ENABLE_MODULES = YES;
				CLANG_ENABLE_OBJC_ARC = YES;
				CLANG_ENABLE_OBJC_WEAK = YES;
				CLANG_WARN_BLOCK_CAPTURE_AUTORELEASING = YES;
				CLANG_WARN_BOOL_CONVERSION = YES;
				CLANG_WARN_COMMA = YES;
				CLANG_WARN_CONSTANT_CONVERSION = YES;
				CLANG_WARN_DEPRECATED_OBJC_IMPLEMENTATIONS = YES;
				CLANG_WARN_DIRECT_OBJC_ISA_USAGE = YES_ERROR;
				CLANG_WARN_DOCUMENTATION_COMMENTS = YES;
				CLANG_WARN_EMPTY_BODY = YES;
				CLANG_WARN_ENUM_CONVERSION = YES;
				CLANG_WARN_INFINITE_RECURSION = YES;
				CLANG_WARN_INT_CONVERSION = YES;
				CLANG_WARN_NON_LITERAL_NULL_CONVERSION = YES;
				CLANG_WARN_OBJC_IMPLICIT_RETAIN_SELF = YES;
				CLANG_WARN_OBJC_LITERAL_CONVERSION = YES;
				CLANG_WARN_OBJC_ROOT_CLASS = YES_ERROR;
				CLANG_WARN_RANGE_LOOP_ANALYSIS = YES;
				CLANG_WARN_STRICT_PROTOTYPES = YES;
				CLANG_WARN_SUSPICIOUS_MOVE = YES;
				CLANG_WARN_UNGUARDED_AVAILABILITY = YES_AGGRESSIVE;
				CLANG_WARN_UNREACHABLE_CODE = YES;
				CLANG_WARN__DUPLICATE_METHOD_MATCH = YES;
				CODE_SIGN_IDENTITY = "iPhone Developer";
				COPY_PHASE_STRIP = NO;
				DEBUG_INFORMATION_FORMAT = "dwarf-with-dsym";
				ENABLE_NS_ASSERTIONS = NO;
				ENABLE_STRICT_OBJC_MSGSEND = YES;
				GCC_C_LANGUAGE_STANDARD = gnu11;
				GCC_NO_COMMON_BLOCKS = YES;
				GCC_WARN_64_TO_32_BIT_CONVERSION = YES;
				GCC_WARN_ABOUT_RETURN_TYPE = YES_ERROR;
				GCC_WARN_UNDECLARED_SELECTOR = YES;
				GCC_WARN_UNINITIALIZED_AUTOS = YES_AGGRESSIVE;
				GCC_WARN_UNUSED_FUNCTION = YES;
				GCC_WARN_UNUSED_VARIABLE = YES;
				IPHONEOS_DEPLOYMENT_TARGET = 12.0;
				MTL_ENABLE_DEBUG_INFO = NO;
				MTL_FAST_MATH = YES;
				SDKROOT = iphoneos;
				SWIFT_COMPILATION_MODE = wholemodule;
				SWIFT_OPTIMIZATION_LEVEL = "-O";
				VALIDATE_PRODUCT = YES;
			};
			name = Release;
		};
		4E964EBF22674F00002C0566 /* Debug */ = {
			isa = XCBuildConfiguration;
			buildSettings = {
				ASSETCATALOG_COMPILER_APPICON_NAME = AppIcon;
				CODE_SIGN_STYLE = Automatic;
				DEVELOPMENT_TEAM = 3QXQPJ9C62;
				INFOPLIST_FILE = "Draw In Canvas/Info.plist";
				LD_RUNPATH_SEARCH_PATHS = (
					"$(inherited)",
					"@executable_path/Frameworks",
				);
				PRODUCT_BUNDLE_IDENTIFIER = "com.hosam.net.Draw-In-Canvas";
				PRODUCT_NAME = "$(TARGET_NAME)";
				SWIFT_VERSION = 4.2;
				TARGETED_DEVICE_FAMILY = "1,2";
			};
			name = Debug;
		};
		4E964EC022674F00002C0566 /* Release */ = {
			isa = XCBuildConfiguration;
			buildSettings = {
				ASSETCATALOG_COMPILER_APPICON_NAME = AppIcon;
				CODE_SIGN_STYLE = Automatic;
				DEVELOPMENT_TEAM = 3QXQPJ9C62;
				INFOPLIST_FILE = "Draw In Canvas/Info.plist";
				LD_RUNPATH_SEARCH_PATHS = (
					"$(inherited)",
					"@executable_path/Frameworks",
				);
				PRODUCT_BUNDLE_IDENTIFIER = "com.hosam.net.Draw-In-Canvas";
				PRODUCT_NAME = "$(TARGET_NAME)";
				SWIFT_VERSION = 4.2;
				TARGETED_DEVICE_FAMILY = "1,2";
			};
			name = Release;
		};
/* End XCBuildConfiguration section */

/* Begin XCConfigurationList section */
		4E964EA722674EFF002C0566 /* Build configuration list for PBXProject "Draw In Canvas" */ = {
			isa = XCConfigurationList;
			buildConfigurations = (
				4E964EBC22674F00002C0566 /* Debug */,
				4E964EBD22674F00002C0566 /* Release */,
			);
			defaultConfigurationIsVisible = 0;
			defaultConfigurationName = Release;
		};
		4E964EBE22674F00002C0566 /* Build configuration list for PBXNativeTarget "Draw In Canvas" */ = {
			isa = XCConfigurationList;
			buildConfigurations = (
				4E964EBF22674F00002C0566 /* Debug */,
				4E964EC022674F00002C0566 /* Release */,
			);
			defaultConfigurationIsVisible = 0;
			defaultConfigurationName = Release;
		};
/* End XCConfigurationList section */
	};
	rootObject = 4E964EA422674EFF002C0566 /* Project object */;
}
